// !$*UTF8*$!
{
	archiveVersion = 1;
	classes = {
	};
	objectVersion = 50;
	objects = {

/* Begin PBXBuildFile section */
		A31F39A5249BBAC800B43984 /* BackButton.swift in Sources */ = {isa = PBXBuildFile; fileRef = A31F39A4249BBAC800B43984 /* BackButton.swift */; };
		A35C703E246821E100B57632 /* DynamicTableView.swift in Sources */ = {isa = PBXBuildFile; fileRef = A35C703D246821E100B57632 /* DynamicTableView.swift */; };
		A3916BFE24F6B9A3004BF1AE /* IBDesignableView.swift in Sources */ = {isa = PBXBuildFile; fileRef = A3916BFD24F6B9A3004BF1AE /* IBDesignableView.swift */; };
		A3916C0024F6BA11004BF1AE /* PlaceholderTextView.swift in Sources */ = {isa = PBXBuildFile; fileRef = A3916BFF24F6BA11004BF1AE /* PlaceholderTextView.swift */; };
		A3916C0224F6BAC7004BF1AE /* UIAlertController+TextField.swift in Sources */ = {isa = PBXBuildFile; fileRef = A3916C0124F6BAC7004BF1AE /* UIAlertController+TextField.swift */; };
		A3916C0424F6BB14004BF1AE /* HighlightTapView.swift in Sources */ = {isa = PBXBuildFile; fileRef = A3916C0324F6BB14004BF1AE /* HighlightTapView.swift */; };
		A3916C0624F6BBA7004BF1AE /* CustomizableSlider.swift in Sources */ = {isa = PBXBuildFile; fileRef = A3916C0524F6BBA7004BF1AE /* CustomizableSlider.swift */; };
		A3916C0824F6BE4A004BF1AE /* UIColorTools.swift in Sources */ = {isa = PBXBuildFile; fileRef = A3916C0724F6BE4A004BF1AE /* UIColorTools.swift */; };
		A3916C0A24F6C0A9004BF1AE /* LoadingButton.swift in Sources */ = {isa = PBXBuildFile; fileRef = A3916C0924F6C0A9004BF1AE /* LoadingButton.swift */; };
		A3916C1224F6C341004BF1AE /* Haptics.swift in Sources */ = {isa = PBXBuildFile; fileRef = A3916C1124F6C341004BF1AE /* Haptics.swift */; };
		A3A1DF97246AE89F00F7D0B0 /* GestureRecognizers.swift in Sources */ = {isa = PBXBuildFile; fileRef = A3A1DF96246AE89F00F7D0B0 /* GestureRecognizers.swift */; };
		A3D0046124644A94006B39AA /* UIScrollViewTools.swift in Sources */ = {isa = PBXBuildFile; fileRef = A3D0045A24644A94006B39AA /* UIScrollViewTools.swift */; };
		A3D0046224644A94006B39AA /* UIViewControllerTools.swift in Sources */ = {isa = PBXBuildFile; fileRef = A3D0045B24644A94006B39AA /* UIViewControllerTools.swift */; };
		A3D0046324644A94006B39AA /* UIViewTools.swift in Sources */ = {isa = PBXBuildFile; fileRef = A3D0045C24644A94006B39AA /* UIViewTools.swift */; };
		A3D0046424644A94006B39AA /* InsetLabel.swift in Sources */ = {isa = PBXBuildFile; fileRef = A3D0045E24644A94006B39AA /* InsetLabel.swift */; };
		A3D0046524644A94006B39AA /* UICollectionViewTools.swift in Sources */ = {isa = PBXBuildFile; fileRef = A3D0045F24644A94006B39AA /* UICollectionViewTools.swift */; };
		A3D0046624644A94006B39AA /* UITableViewTools.swift in Sources */ = {isa = PBXBuildFile; fileRef = A3D0046024644A94006B39AA /* UITableViewTools.swift */; };
		A3E0E2A12465A5870044A073 /* DynamicCollectionView.swift in Sources */ = {isa = PBXBuildFile; fileRef = A3E0E2A02465A5870044A073 /* DynamicCollectionView.swift */; };
		A3E0E2A32465A87A0044A073 /* UIScreen.swift in Sources */ = {isa = PBXBuildFile; fileRef = A3E0E2A22465A87A0044A073 /* UIScreen.swift */; };
		A3E837F6246ED3390040057B /* UIImageTools.swift in Sources */ = {isa = PBXBuildFile; fileRef = A3E837F5246ED3390040057B /* UIImageTools.swift */; };
/* End PBXBuildFile section */

/* Begin PBXFileReference section */
		A31F39A4249BBAC800B43984 /* BackButton.swift */ = {isa = PBXFileReference; lastKnownFileType = sourcecode.swift; path = BackButton.swift; sourceTree = "<group>"; };
		A35C703D246821E100B57632 /* DynamicTableView.swift */ = {isa = PBXFileReference; lastKnownFileType = sourcecode.swift; path = DynamicTableView.swift; sourceTree = "<group>"; };
		A3916BFD24F6B9A3004BF1AE /* IBDesignableView.swift */ = {isa = PBXFileReference; lastKnownFileType = sourcecode.swift; path = IBDesignableView.swift; sourceTree = "<group>"; };
		A3916BFF24F6BA11004BF1AE /* PlaceholderTextView.swift */ = {isa = PBXFileReference; lastKnownFileType = sourcecode.swift; path = PlaceholderTextView.swift; sourceTree = "<group>"; };
		A3916C0124F6BAC7004BF1AE /* UIAlertController+TextField.swift */ = {isa = PBXFileReference; lastKnownFileType = sourcecode.swift; path = "UIAlertController+TextField.swift"; sourceTree = "<group>"; };
		A3916C0324F6BB14004BF1AE /* HighlightTapView.swift */ = {isa = PBXFileReference; lastKnownFileType = sourcecode.swift; path = HighlightTapView.swift; sourceTree = "<group>"; };
		A3916C0524F6BBA7004BF1AE /* CustomizableSlider.swift */ = {isa = PBXFileReference; lastKnownFileType = sourcecode.swift; path = CustomizableSlider.swift; sourceTree = "<group>"; };
		A3916C0724F6BE4A004BF1AE /* UIColorTools.swift */ = {isa = PBXFileReference; lastKnownFileType = sourcecode.swift; path = UIColorTools.swift; sourceTree = "<group>"; };
		A3916C0924F6C0A9004BF1AE /* LoadingButton.swift */ = {isa = PBXFileReference; lastKnownFileType = sourcecode.swift; path = LoadingButton.swift; sourceTree = "<group>"; };
		A3916C1124F6C341004BF1AE /* Haptics.swift */ = {isa = PBXFileReference; lastKnownFileType = sourcecode.swift; path = Haptics.swift; sourceTree = "<group>"; };
		A3A1DF96246AE89F00F7D0B0 /* GestureRecognizers.swift */ = {isa = PBXFileReference; lastKnownFileType = sourcecode.swift; path = GestureRecognizers.swift; sourceTree = "<group>"; };
		A3D0044E24644A5D006B39AA /* HelperKit.framework */ = {isa = PBXFileReference; explicitFileType = wrapper.framework; includeInIndex = 0; path = HelperKit.framework; sourceTree = BUILT_PRODUCTS_DIR; };
		A3D0045224644A5D006B39AA /* Info.plist */ = {isa = PBXFileReference; lastKnownFileType = text.plist.xml; path = Info.plist; sourceTree = "<group>"; };
		A3D0045A24644A94006B39AA /* UIScrollViewTools.swift */ = {isa = PBXFileReference; fileEncoding = 4; lastKnownFileType = sourcecode.swift; path = UIScrollViewTools.swift; sourceTree = "<group>"; };
		A3D0045B24644A94006B39AA /* UIViewControllerTools.swift */ = {isa = PBXFileReference; fileEncoding = 4; lastKnownFileType = sourcecode.swift; path = UIViewControllerTools.swift; sourceTree = "<group>"; };
		A3D0045C24644A94006B39AA /* UIViewTools.swift */ = {isa = PBXFileReference; fileEncoding = 4; lastKnownFileType = sourcecode.swift; path = UIViewTools.swift; sourceTree = "<group>"; };
		A3D0045E24644A94006B39AA /* InsetLabel.swift */ = {isa = PBXFileReference; fileEncoding = 4; lastKnownFileType = sourcecode.swift; path = InsetLabel.swift; sourceTree = "<group>"; };
		A3D0045F24644A94006B39AA /* UICollectionViewTools.swift */ = {isa = PBXFileReference; fileEncoding = 4; lastKnownFileType = sourcecode.swift; path = UICollectionViewTools.swift; sourceTree = "<group>"; };
		A3D0046024644A94006B39AA /* UITableViewTools.swift */ = {isa = PBXFileReference; fileEncoding = 4; lastKnownFileType = sourcecode.swift; path = UITableViewTools.swift; sourceTree = "<group>"; };
		A3E0E2A02465A5870044A073 /* DynamicCollectionView.swift */ = {isa = PBXFileReference; lastKnownFileType = sourcecode.swift; path = DynamicCollectionView.swift; sourceTree = "<group>"; };
		A3E0E2A22465A87A0044A073 /* UIScreen.swift */ = {isa = PBXFileReference; lastKnownFileType = sourcecode.swift; path = UIScreen.swift; sourceTree = "<group>"; };
		A3E837F5246ED3390040057B /* UIImageTools.swift */ = {isa = PBXFileReference; lastKnownFileType = sourcecode.swift; path = UIImageTools.swift; sourceTree = "<group>"; };
/* End PBXFileReference section */

/* Begin PBXFrameworksBuildPhase section */
		A3D0044B24644A5D006B39AA /* Frameworks */ = {
			isa = PBXFrameworksBuildPhase;
			buildActionMask = 2147483647;
			files = (
			);
			runOnlyForDeploymentPostprocessing = 0;
		};
/* End PBXFrameworksBuildPhase section */

/* Begin PBXGroup section */
		A3D0044424644A5D006B39AA = {
			isa = PBXGroup;
			children = (
				A3D0045024644A5D006B39AA /* HelperKit */,
				A3D0044F24644A5D006B39AA /* Products */,
			);
			sourceTree = "<group>";
		};
		A3D0044F24644A5D006B39AA /* Products */ = {
			isa = PBXGroup;
			children = (
				A3D0044E24644A5D006B39AA /* HelperKit.framework */,
			);
			name = Products;
			sourceTree = "<group>";
		};
		A3D0045024644A5D006B39AA /* HelperKit */ = {
			isa = PBXGroup;
			children = (
				A3D0045924644A94006B39AA /* Source */,
				A3D0045224644A5D006B39AA /* Info.plist */,
			);
			name = HelperKit;
			sourceTree = "<group>";
		};
		A3D0045924644A94006B39AA /* Source */ = {
			isa = PBXGroup;
			children = (
				A3D0045A24644A94006B39AA /* UIScrollViewTools.swift */,
				A3D0045B24644A94006B39AA /* UIViewControllerTools.swift */,
				A3916C0724F6BE4A004BF1AE /* UIColorTools.swift */,
				A3D0045C24644A94006B39AA /* UIViewTools.swift */,
				A3D0045D24644A94006B39AA /* UIComponents */,
				A3D0045F24644A94006B39AA /* UICollectionViewTools.swift */,
				A3D0046024644A94006B39AA /* UITableViewTools.swift */,
				A3E0E2A22465A87A0044A073 /* UIScreen.swift */,
				A3E837F5246ED3390040057B /* UIImageTools.swift */,
				A3916C1124F6C341004BF1AE /* Haptics.swift */,
			);
			path = Source;
			sourceTree = "<group>";
		};
		A3D0045D24644A94006B39AA /* UIComponents */ = {
			isa = PBXGroup;
			children = (
				A3D0045E24644A94006B39AA /* InsetLabel.swift */,
				A3E0E2A02465A5870044A073 /* DynamicCollectionView.swift */,
				A35C703D246821E100B57632 /* DynamicTableView.swift */,
				A3A1DF96246AE89F00F7D0B0 /* GestureRecognizers.swift */,
				A31F39A4249BBAC800B43984 /* BackButton.swift */,
				A3916BFD24F6B9A3004BF1AE /* IBDesignableView.swift */,
				A3916BFF24F6BA11004BF1AE /* PlaceholderTextView.swift */,
				A3916C0124F6BAC7004BF1AE /* UIAlertController+TextField.swift */,
				A3916C0324F6BB14004BF1AE /* HighlightTapView.swift */,
				A3916C0524F6BBA7004BF1AE /* CustomizableSlider.swift */,
				A3916C0924F6C0A9004BF1AE /* LoadingButton.swift */,
			);
			path = UIComponents;
			sourceTree = "<group>";
		};
/* End PBXGroup section */

/* Begin PBXHeadersBuildPhase section */
		A3D0044924644A5D006B39AA /* Headers */ = {
			isa = PBXHeadersBuildPhase;
			buildActionMask = 2147483647;
			files = (
			);
			runOnlyForDeploymentPostprocessing = 0;
		};
/* End PBXHeadersBuildPhase section */

/* Begin PBXNativeTarget section */
		A3D0044D24644A5D006B39AA /* HelperKit */ = {
			isa = PBXNativeTarget;
			buildConfigurationList = A3D0045624644A5D006B39AA /* Build configuration list for PBXNativeTarget "HelperKit" */;
			buildPhases = (
				A3D0044924644A5D006B39AA /* Headers */,
				A3D0044A24644A5D006B39AA /* Sources */,
				A3D0044B24644A5D006B39AA /* Frameworks */,
				A3D0044C24644A5D006B39AA /* Resources */,
			);
			buildRules = (
			);
			dependencies = (
			);
			name = HelperKit;
			productName = HelperKit;
			productReference = A3D0044E24644A5D006B39AA /* HelperKit.framework */;
			productType = "com.apple.product-type.framework";
		};
/* End PBXNativeTarget section */

/* Begin PBXProject section */
		A3D0044524644A5D006B39AA /* Project object */ = {
			isa = PBXProject;
			attributes = {
				LastUpgradeCheck = 1140;
				ORGANIZATIONNAME = Yulia;
				TargetAttributes = {
					A3D0044D24644A5D006B39AA = {
						CreatedOnToolsVersion = 11.4;
					};
				};
			};
			buildConfigurationList = A3D0044824644A5D006B39AA /* Build configuration list for PBXProject "HelperKit" */;
			compatibilityVersion = "Xcode 9.3";
			developmentRegion = en;
			hasScannedForEncodings = 0;
			knownRegions = (
				en,
				Base,
			);
			mainGroup = A3D0044424644A5D006B39AA;
			productRefGroup = A3D0044F24644A5D006B39AA /* Products */;
			projectDirPath = "";
			projectRoot = "";
			targets = (
				A3D0044D24644A5D006B39AA /* HelperKit */,
			);
		};
/* End PBXProject section */

/* Begin PBXResourcesBuildPhase section */
		A3D0044C24644A5D006B39AA /* Resources */ = {
			isa = PBXResourcesBuildPhase;
			buildActionMask = 2147483647;
			files = (
			);
			runOnlyForDeploymentPostprocessing = 0;
		};
/* End PBXResourcesBuildPhase section */

/* Begin PBXSourcesBuildPhase section */
		A3D0044A24644A5D006B39AA /* Sources */ = {
			isa = PBXSourcesBuildPhase;
			buildActionMask = 2147483647;
			files = (
				A35C703E246821E100B57632 /* DynamicTableView.swift in Sources */,
				A3D0046224644A94006B39AA /* UIViewControllerTools.swift in Sources */,
				A3916C0A24F6C0A9004BF1AE /* LoadingButton.swift in Sources */,
				A3D0046624644A94006B39AA /* UITableViewTools.swift in Sources */,
				A3D0046124644A94006B39AA /* UIScrollViewTools.swift in Sources */,
				A3916BFE24F6B9A3004BF1AE /* IBDesignableView.swift in Sources */,
				A3D0046424644A94006B39AA /* InsetLabel.swift in Sources */,
				A3A1DF97246AE89F00F7D0B0 /* GestureRecognizers.swift in Sources */,
				A3916C0624F6BBA7004BF1AE /* CustomizableSlider.swift in Sources */,
				A3E837F6246ED3390040057B /* UIImageTools.swift in Sources */,
				A3916C0824F6BE4A004BF1AE /* UIColorTools.swift in Sources */,
				A3D0046324644A94006B39AA /* UIViewTools.swift in Sources */,
				A3916C1224F6C341004BF1AE /* Haptics.swift in Sources */,
				A3916C0424F6BB14004BF1AE /* HighlightTapView.swift in Sources */,
				A31F39A5249BBAC800B43984 /* BackButton.swift in Sources */,
				A3E0E2A12465A5870044A073 /* DynamicCollectionView.swift in Sources */,
				A3D0046524644A94006B39AA /* UICollectionViewTools.swift in Sources */,
				A3916C0224F6BAC7004BF1AE /* UIAlertController+TextField.swift in Sources */,
				A3E0E2A32465A87A0044A073 /* UIScreen.swift in Sources */,
				A3916C0024F6BA11004BF1AE /* PlaceholderTextView.swift in Sources */,
			);
			runOnlyForDeploymentPostprocessing = 0;
		};
/* End PBXSourcesBuildPhase section */

/* Begin XCBuildConfiguration section */
		A3D0045424644A5D006B39AA /* Debug */ = {
			isa = XCBuildConfiguration;
			buildSettings = {
				ALWAYS_SEARCH_USER_PATHS = NO;
				CLANG_ANALYZER_NONNULL = YES;
				CLANG_ANALYZER_NUMBER_OBJECT_CONVERSION = YES_AGGRESSIVE;
				CLANG_CXX_LANGUAGE_STANDARD = "gnu++14";
				CLANG_CXX_LIBRARY = "libc++";
				CLANG_ENABLE_MODULES = YES;
				CLANG_ENABLE_OBJC_ARC = YES;
				CLANG_ENABLE_OBJC_WEAK = YES;
				CLANG_WARN_BLOCK_CAPTURE_AUTORELEASING = YES;
				CLANG_WARN_BOOL_CONVERSION = YES;
				CLANG_WARN_COMMA = YES;
				CLANG_WARN_CONSTANT_CONVERSION = YES;
				CLANG_WARN_DEPRECATED_OBJC_IMPLEMENTATIONS = YES;
				CLANG_WARN_DIRECT_OBJC_ISA_USAGE = YES_ERROR;
				CLANG_WARN_DOCUMENTATION_COMMENTS = YES;
				CLANG_WARN_EMPTY_BODY = YES;
				CLANG_WARN_ENUM_CONVERSION = YES;
				CLANG_WARN_INFINITE_RECURSION = YES;
				CLANG_WARN_INT_CONVERSION = YES;
				CLANG_WARN_NON_LITERAL_NULL_CONVERSION = YES;
				CLANG_WARN_OBJC_IMPLICIT_RETAIN_SELF = YES;
				CLANG_WARN_OBJC_LITERAL_CONVERSION = YES;
				CLANG_WARN_OBJC_ROOT_CLASS = YES_ERROR;
				CLANG_WARN_RANGE_LOOP_ANALYSIS = YES;
				CLANG_WARN_STRICT_PROTOTYPES = YES;
				CLANG_WARN_SUSPICIOUS_MOVE = YES;
				CLANG_WARN_UNGUARDED_AVAILABILITY = YES_AGGRESSIVE;
				CLANG_WARN_UNREACHABLE_CODE = YES;
				CLANG_WARN__DUPLICATE_METHOD_MATCH = YES;
				COPY_PHASE_STRIP = NO;
				CURRENT_PROJECT_VERSION = 1;
				DEBUG_INFORMATION_FORMAT = dwarf;
				ENABLE_STRICT_OBJC_MSGSEND = YES;
				ENABLE_TESTABILITY = YES;
				GCC_C_LANGUAGE_STANDARD = gnu11;
				GCC_DYNAMIC_NO_PIC = NO;
				GCC_NO_COMMON_BLOCKS = YES;
				GCC_OPTIMIZATION_LEVEL = 0;
				GCC_PREPROCESSOR_DEFINITIONS = (
					"DEBUG=1",
					"$(inherited)",
				);
				GCC_WARN_64_TO_32_BIT_CONVERSION = YES;
				GCC_WARN_ABOUT_RETURN_TYPE = YES_ERROR;
				GCC_WARN_UNDECLARED_SELECTOR = YES;
				GCC_WARN_UNINITIALIZED_AUTOS = YES_AGGRESSIVE;
				GCC_WARN_UNUSED_FUNCTION = YES;
				GCC_WARN_UNUSED_VARIABLE = YES;
				IPHONEOS_DEPLOYMENT_TARGET = 13.4;
				MTL_ENABLE_DEBUG_INFO = INCLUDE_SOURCE;
				MTL_FAST_MATH = YES;
				ONLY_ACTIVE_ARCH = YES;
				SDKROOT = iphoneos;
				SWIFT_ACTIVE_COMPILATION_CONDITIONS = DEBUG;
				SWIFT_OPTIMIZATION_LEVEL = "-Onone";
				VERSIONING_SYSTEM = "apple-generic";
				VERSION_INFO_PREFIX = "";
			};
			name = Debug;
		};
		A3D0045524644A5D006B39AA /* Release */ = {
			isa = XCBuildConfiguration;
			buildSettings = {
				ALWAYS_SEARCH_USER_PATHS = NO;
				CLANG_ANALYZER_NONNULL = YES;
				CLANG_ANALYZER_NUMBER_OBJECT_CONVERSION = YES_AGGRESSIVE;
				CLANG_CXX_LANGUAGE_STANDARD = "gnu++14";
				CLANG_CXX_LIBRARY = "libc++";
				CLANG_ENABLE_MODULES = YES;
				CLANG_ENABLE_OBJC_ARC = YES;
				CLANG_ENABLE_OBJC_WEAK = YES;
				CLANG_WARN_BLOCK_CAPTURE_AUTORELEASING = YES;
				CLANG_WARN_BOOL_CONVERSION = YES;
				CLANG_WARN_COMMA = YES;
				CLANG_WARN_CONSTANT_CONVERSION = YES;
				CLANG_WARN_DEPRECATED_OBJC_IMPLEMENTATIONS = YES;
				CLANG_WARN_DIRECT_OBJC_ISA_USAGE = YES_ERROR;
				CLANG_WARN_DOCUMENTATION_COMMENTS = YES;
				CLANG_WARN_EMPTY_BODY = YES;
				CLANG_WARN_ENUM_CONVERSION = YES;
				CLANG_WARN_INFINITE_RECURSION = YES;
				CLANG_WARN_INT_CONVERSION = YES;
				CLANG_WARN_NON_LITERAL_NULL_CONVERSION = YES;
				CLANG_WARN_OBJC_IMPLICIT_RETAIN_SELF = YES;
				CLANG_WARN_OBJC_LITERAL_CONVERSION = YES;
				CLANG_WARN_OBJC_ROOT_CLASS = YES_ERROR;
				CLANG_WARN_RANGE_LOOP_ANALYSIS = YES;
				CLANG_WARN_STRICT_PROTOTYPES = YES;
				CLANG_WARN_SUSPICIOUS_MOVE = YES;
				CLANG_WARN_UNGUARDED_AVAILABILITY = YES_AGGRESSIVE;
				CLANG_WARN_UNREACHABLE_CODE = YES;
				CLANG_WARN__DUPLICATE_METHOD_MATCH = YES;
				COPY_PHASE_STRIP = NO;
				CURRENT_PROJECT_VERSION = 1;
				DEBUG_INFORMATION_FORMAT = "dwarf-with-dsym";
				ENABLE_NS_ASSERTIONS = NO;
				ENABLE_STRICT_OBJC_MSGSEND = YES;
				GCC_C_LANGUAGE_STANDARD = gnu11;
				GCC_NO_COMMON_BLOCKS = YES;
				GCC_WARN_64_TO_32_BIT_CONVERSION = YES;
				GCC_WARN_ABOUT_RETURN_TYPE = YES_ERROR;
				GCC_WARN_UNDECLARED_SELECTOR = YES;
				GCC_WARN_UNINITIALIZED_AUTOS = YES_AGGRESSIVE;
				GCC_WARN_UNUSED_FUNCTION = YES;
				GCC_WARN_UNUSED_VARIABLE = YES;
				IPHONEOS_DEPLOYMENT_TARGET = 13.4;
				MTL_ENABLE_DEBUG_INFO = NO;
				MTL_FAST_MATH = YES;
				SDKROOT = iphoneos;
				SWIFT_COMPILATION_MODE = wholemodule;
				SWIFT_OPTIMIZATION_LEVEL = "-O";
				VALIDATE_PRODUCT = YES;
				VERSIONING_SYSTEM = "apple-generic";
				VERSION_INFO_PREFIX = "";
			};
			name = Release;
		};
		A3D0045724644A5D006B39AA /* Debug */ = {
			isa = XCBuildConfiguration;
			buildSettings = {
				CODE_SIGN_STYLE = Automatic;
				DEFINES_MODULE = YES;
				DEVELOPMENT_TEAM = JRVHLQ5BDL;
				DYLIB_COMPATIBILITY_VERSION = 1;
				DYLIB_CURRENT_VERSION = 1;
				DYLIB_INSTALL_NAME_BASE = "@rpath";
				INFOPLIST_FILE = "$(SRCROOT)/Info.plist";
				INSTALL_PATH = "$(LOCAL_LIBRARY_DIR)/Frameworks";
				IPHONEOS_DEPLOYMENT_TARGET = 11.0;
				LD_RUNPATH_SEARCH_PATHS = (
					"$(inherited)",
					"@executable_path/Frameworks",
					"@loader_path/Frameworks",
				);
				MARKETING_VERSION = 1.0.6;
				PRODUCT_BUNDLE_IDENTIFIER = yuliaNovikova.HelperKit;
				PRODUCT_NAME = "$(TARGET_NAME:c99extidentifier)";
				SKIP_INSTALL = YES;
				SWIFT_VERSION = 5.0;
				TARGETED_DEVICE_FAMILY = "1,2";
			};
			name = Debug;
		};
		A3D0045824644A5D006B39AA /* Release */ = {
			isa = XCBuildConfiguration;
			buildSettings = {
				CODE_SIGN_STYLE = Automatic;
				DEFINES_MODULE = YES;
				DEVELOPMENT_TEAM = JRVHLQ5BDL;
				DYLIB_COMPATIBILITY_VERSION = 1;
				DYLIB_CURRENT_VERSION = 1;
				DYLIB_INSTALL_NAME_BASE = "@rpath";
				INFOPLIST_FILE = "$(SRCROOT)/Info.plist";
				INSTALL_PATH = "$(LOCAL_LIBRARY_DIR)/Frameworks";
				IPHONEOS_DEPLOYMENT_TARGET = 11.0;
				LD_RUNPATH_SEARCH_PATHS = (
					"$(inherited)",
					"@executable_path/Frameworks",
					"@loader_path/Frameworks",
				);
				MARKETING_VERSION = 1.0.6;
				PRODUCT_BUNDLE_IDENTIFIER = yuliaNovikova.HelperKit;
				PRODUCT_NAME = "$(TARGET_NAME:c99extidentifier)";
				SKIP_INSTALL = YES;
				SWIFT_VERSION = 5.0;
				TARGETED_DEVICE_FAMILY = "1,2";
			};
			name = Release;
		};
/* End XCBuildConfiguration section */

/* Begin XCConfigurationList section */
		A3D0044824644A5D006B39AA /* Build configuration list for PBXProject "HelperKit" */ = {
			isa = XCConfigurationList;
			buildConfigurations = (
				A3D0045424644A5D006B39AA /* Debug */,
				A3D0045524644A5D006B39AA /* Release */,
			);
			defaultConfigurationIsVisible = 0;
			defaultConfigurationName = Release;
		};
		A3D0045624644A5D006B39AA /* Build configuration list for PBXNativeTarget "HelperKit" */ = {
			isa = XCConfigurationList;
			buildConfigurations = (
				A3D0045724644A5D006B39AA /* Debug */,
				A3D0045824644A5D006B39AA /* Release */,
			);
			defaultConfigurationIsVisible = 0;
			defaultConfigurationName = Release;
		};
/* End XCConfigurationList section */
	};
	rootObject = A3D0044524644A5D006B39AA /* Project object */;
}
